// !$*UTF8*$!
{
	archiveVersion = 1;
	classes = {
	};
	objectVersion = 46;
	objects = {

/* Begin PBXBuildFile section */
		6F1B0D951AEE8D6C00728155 /* AppDelegate.swift in Sources */ = {isa = PBXBuildFile; fileRef = 6F1B0D941AEE8D6C00728155 /* AppDelegate.swift */; };
		6F1B0D971AEE8D6C00728155 /* RecordSoundsViewController.swift in Sources */ = {isa = PBXBuildFile; fileRef = 6F1B0D961AEE8D6C00728155 /* RecordSoundsViewController.swift */; };
		6F1B0D9A1AEE8D6C00728155 /* Main.storyboard in Resources */ = {isa = PBXBuildFile; fileRef = 6F1B0D981AEE8D6C00728155 /* Main.storyboard */; };
		6F1B0D9C1AEE8D6C00728155 /* Images.xcassets in Resources */ = {isa = PBXBuildFile; fileRef = 6F1B0D9B1AEE8D6C00728155 /* Images.xcassets */; };
		6F1B0D9F1AEE8D6C00728155 /* LaunchScreen.xib in Resources */ = {isa = PBXBuildFile; fileRef = 6F1B0D9D1AEE8D6C00728155 /* LaunchScreen.xib */; };
		6F1B0DAB1AEE8D6C00728155 /* RecorderTests.swift in Sources */ = {isa = PBXBuildFile; fileRef = 6F1B0DAA1AEE8D6C00728155 /* RecorderTests.swift */; };
		6F1B0DB71AEF117100728155 /* PlaySoundsViewController.swift in Sources */ = {isa = PBXBuildFile; fileRef = 6F1B0DB61AEF117100728155 /* PlaySoundsViewController.swift */; };
		6F1B0DB91AEF24B600728155 /* movie_quote.mp3 in Resources */ = {isa = PBXBuildFile; fileRef = 6F1B0DB81AEF24B600728155 /* movie_quote.mp3 */; };
		6F3CE57F1AEFCE5B00968B82 /* RecordedAudio.swift in Sources */ = {isa = PBXBuildFile; fileRef = 6F3CE57E1AEFCE5B00968B82 /* RecordedAudio.swift */; };
/* End PBXBuildFile section */

/* Begin PBXContainerItemProxy section */
		6F1B0DA51AEE8D6C00728155 /* PBXContainerItemProxy */ = {
			isa = PBXContainerItemProxy;
			containerPortal = 6F1B0D871AEE8D6C00728155 /* Project object */;
			proxyType = 1;
			remoteGlobalIDString = 6F1B0D8E1AEE8D6C00728155;
			remoteInfo = "Pitch Perfect";
		};
/* End PBXContainerItemProxy section */

/* Begin PBXFileReference section */
		6F1B0D8F1AEE8D6C00728155 /* Recorder.app */ = {isa = PBXFileReference; explicitFileType = wrapper.application; includeInIndex = 0; path = Recorder.app; sourceTree = BUILT_PRODUCTS_DIR; };
		6F1B0D931AEE8D6C00728155 /* Info.plist */ = {isa = PBXFileReference; lastKnownFileType = text.plist.xml; path = Info.plist; sourceTree = "<group>"; };
		6F1B0D941AEE8D6C00728155 /* AppDelegate.swift */ = {isa = PBXFileReference; lastKnownFileType = sourcecode.swift; path = AppDelegate.swift; sourceTree = "<group>"; };
		6F1B0D961AEE8D6C00728155 /* RecordSoundsViewController.swift */ = {isa = PBXFileReference; lastKnownFileType = sourcecode.swift; path = RecordSoundsViewController.swift; sourceTree = "<group>"; };
		6F1B0D991AEE8D6C00728155 /* Base */ = {isa = PBXFileReference; lastKnownFileType = file.storyboard; name = Base; path = Base.lproj/Main.storyboard; sourceTree = "<group>"; };
		6F1B0D9B1AEE8D6C00728155 /* Images.xcassets */ = {isa = PBXFileReference; lastKnownFileType = folder.assetcatalog; path = Images.xcassets; sourceTree = "<group>"; };
		6F1B0D9E1AEE8D6C00728155 /* Base */ = {isa = PBXFileReference; lastKnownFileType = file.xib; name = Base; path = Base.lproj/LaunchScreen.xib; sourceTree = "<group>"; };
		6F1B0DA41AEE8D6C00728155 /* RecorderTests.xctest */ = {isa = PBXFileReference; explicitFileType = wrapper.cfbundle; includeInIndex = 0; path = RecorderTests.xctest; sourceTree = BUILT_PRODUCTS_DIR; };
		6F1B0DA91AEE8D6C00728155 /* Info.plist */ = {isa = PBXFileReference; lastKnownFileType = text.plist.xml; path = Info.plist; sourceTree = "<group>"; };
		6F1B0DAA1AEE8D6C00728155 /* RecorderTests.swift */ = {isa = PBXFileReference; lastKnownFileType = sourcecode.swift; path = RecorderTests.swift; sourceTree = "<group>"; };
		6F1B0DB61AEF117100728155 /* PlaySoundsViewController.swift */ = {isa = PBXFileReference; fileEncoding = 4; lastKnownFileType = sourcecode.swift; path = PlaySoundsViewController.swift; sourceTree = "<group>"; };
		6F1B0DB81AEF24B600728155 /* movie_quote.mp3 */ = {isa = PBXFileReference; lastKnownFileType = audio.mp3; path = movie_quote.mp3; sourceTree = "<group>"; };
		6F3CE57E1AEFCE5B00968B82 /* RecordedAudio.swift */ = {isa = PBXFileReference; fileEncoding = 4; lastKnownFileType = sourcecode.swift; path = RecordedAudio.swift; sourceTree = "<group>"; };
/* End PBXFileReference section */

/* Begin PBXFrameworksBuildPhase section */
		6F1B0D8C1AEE8D6C00728155 /* Frameworks */ = {
			isa = PBXFrameworksBuildPhase;
			buildActionMask = 2147483647;
			files = (
			);
			runOnlyForDeploymentPostprocessing = 0;
		};
		6F1B0DA11AEE8D6C00728155 /* Frameworks */ = {
			isa = PBXFrameworksBuildPhase;
			buildActionMask = 2147483647;
			files = (
			);
			runOnlyForDeploymentPostprocessing = 0;
		};
/* End PBXFrameworksBuildPhase section */

/* Begin PBXGroup section */
		6F1B0D861AEE8D6C00728155 = {
			isa = PBXGroup;
			children = (
				6F1B0D911AEE8D6C00728155 /* Recorder */,
				6F1B0DA71AEE8D6C00728155 /* RecorderTests */,
				6F1B0D901AEE8D6C00728155 /* Products */,
			);
			sourceTree = "<group>";
		};
		6F1B0D901AEE8D6C00728155 /* Products */ = {
			isa = PBXGroup;
			children = (
				6F1B0D8F1AEE8D6C00728155 /* Recorder.app */,
				6F1B0DA41AEE8D6C00728155 /* RecorderTests.xctest */,
			);
			name = Products;
			sourceTree = "<group>";
		};
		6F1B0D911AEE8D6C00728155 /* Recorder */ = {
			isa = PBXGroup;
			children = (
				6F1B0D941AEE8D6C00728155 /* AppDelegate.swift */,
				6F1B0D961AEE8D6C00728155 /* RecordSoundsViewController.swift */,
				6F3CE57E1AEFCE5B00968B82 /* RecordedAudio.swift */,
				6F1B0DB61AEF117100728155 /* PlaySoundsViewController.swift */,
				6F1B0D981AEE8D6C00728155 /* Main.storyboard */,
				6F1B0D9B1AEE8D6C00728155 /* Images.xcassets */,
				6F1B0D9D1AEE8D6C00728155 /* LaunchScreen.xib */,
				6F1B0D921AEE8D6C00728155 /* Supporting Files */,
			);
			name = Recorder;
			path = "Pitch Perfect";
			sourceTree = "<group>";
		};
		6F1B0D921AEE8D6C00728155 /* Supporting Files */ = {
			isa = PBXGroup;
			children = (
				6F1B0DB81AEF24B600728155 /* movie_quote.mp3 */,
				6F1B0D931AEE8D6C00728155 /* Info.plist */,
			);
			name = "Supporting Files";
			sourceTree = "<group>";
		};
		6F1B0DA71AEE8D6C00728155 /* RecorderTests */ = {
			isa = PBXGroup;
			children = (
				6F1B0DAA1AEE8D6C00728155 /* RecorderTests.swift */,
				6F1B0DA81AEE8D6C00728155 /* Supporting Files */,
			);
			name = RecorderTests;
			path = "Pitch PerfectTests";
			sourceTree = "<group>";
		};
		6F1B0DA81AEE8D6C00728155 /* Supporting Files */ = {
			isa = PBXGroup;
			children = (
				6F1B0DA91AEE8D6C00728155 /* Info.plist */,
			);
			name = "Supporting Files";
			sourceTree = "<group>";
		};
/* End PBXGroup section */

/* Begin PBXNativeTarget section */
		6F1B0D8E1AEE8D6C00728155 /* Recorder */ = {
			isa = PBXNativeTarget;
			buildConfigurationList = 6F1B0DAE1AEE8D6C00728155 /* Build configuration list for PBXNativeTarget "Recorder" */;
			buildPhases = (
				6F1B0D8B1AEE8D6C00728155 /* Sources */,
				6F1B0D8C1AEE8D6C00728155 /* Frameworks */,
				6F1B0D8D1AEE8D6C00728155 /* Resources */,
			);
			buildRules = (
			);
			dependencies = (
			);
			name = Recorder;
			productName = "Pitch Perfect";
			productReference = 6F1B0D8F1AEE8D6C00728155 /* Recorder.app */;
			productType = "com.apple.product-type.application";
		};
		6F1B0DA31AEE8D6C00728155 /* RecorderTests */ = {
			isa = PBXNativeTarget;
			buildConfigurationList = 6F1B0DB11AEE8D6C00728155 /* Build configuration list for PBXNativeTarget "RecorderTests" */;
			buildPhases = (
				6F1B0DA01AEE8D6C00728155 /* Sources */,
				6F1B0DA11AEE8D6C00728155 /* Frameworks */,
				6F1B0DA21AEE8D6C00728155 /* Resources */,
			);
			buildRules = (
			);
			dependencies = (
				6F1B0DA61AEE8D6C00728155 /* PBXTargetDependency */,
			);
			name = RecorderTests;
			productName = "Pitch PerfectTests";
			productReference = 6F1B0DA41AEE8D6C00728155 /* RecorderTests.xctest */;
			productType = "com.apple.product-type.bundle.unit-test";
		};
/* End PBXNativeTarget section */

/* Begin PBXProject section */
		6F1B0D871AEE8D6C00728155 /* Project object */ = {
			isa = PBXProject;
			attributes = {
				LastUpgradeCheck = 0630;
				ORGANIZATIONNAME = Ken;
				TargetAttributes = {
					6F1B0D8E1AEE8D6C00728155 = {
						CreatedOnToolsVersion = 6.3.1;
					};
					6F1B0DA31AEE8D6C00728155 = {
						CreatedOnToolsVersion = 6.3.1;
						TestTargetID = 6F1B0D8E1AEE8D6C00728155;
					};
				};
			};
			buildConfigurationList = 6F1B0D8A1AEE8D6C00728155 /* Build configuration list for PBXProject "Recorder" */;
			compatibilityVersion = "Xcode 3.2";
			developmentRegion = English;
			hasScannedForEncodings = 0;
			knownRegions = (
				en,
				Base,
			);
			mainGroup = 6F1B0D861AEE8D6C00728155;
			productRefGroup = 6F1B0D901AEE8D6C00728155 /* Products */;
			projectDirPath = "";
			projectRoot = "";
			targets = (
				6F1B0D8E1AEE8D6C00728155 /* Recorder */,
				6F1B0DA31AEE8D6C00728155 /* RecorderTests */,
			);
		};
/* End PBXProject section */

/* Begin PBXResourcesBuildPhase section */
		6F1B0D8D1AEE8D6C00728155 /* Resources */ = {
			isa = PBXResourcesBuildPhase;
			buildActionMask = 2147483647;
			files = (
				6F1B0D9A1AEE8D6C00728155 /* Main.storyboard in Resources */,
				6F1B0D9F1AEE8D6C00728155 /* LaunchScreen.xib in Resources */,
				6F1B0DB91AEF24B600728155 /* movie_quote.mp3 in Resources */,
				6F1B0D9C1AEE8D6C00728155 /* Images.xcassets in Resources */,
			);
			runOnlyForDeploymentPostprocessing = 0;
		};
		6F1B0DA21AEE8D6C00728155 /* Resources */ = {
			isa = PBXResourcesBuildPhase;
			buildActionMask = 2147483647;
			files = (
			);
			runOnlyForDeploymentPostprocessing = 0;
		};
/* End PBXResourcesBuildPhase section */

/* Begin PBXSourcesBuildPhase section */
		6F1B0D8B1AEE8D6C00728155 /* Sources */ = {
			isa = PBXSourcesBuildPhase;
			buildActionMask = 2147483647;
			files = (
				6F3CE57F1AEFCE5B00968B82 /* RecordedAudio.swift in Sources */,
				6F1B0D971AEE8D6C00728155 /* RecordSoundsViewController.swift in Sources */,
				6F1B0DB71AEF117100728155 /* PlaySoundsViewController.swift in Sources */,
				6F1B0D951AEE8D6C00728155 /* AppDelegate.swift in Sources */,
			);
			runOnlyForDeploymentPostprocessing = 0;
		};
		6F1B0DA01AEE8D6C00728155 /* Sources */ = {
			isa = PBXSourcesBuildPhase;
			buildActionMask = 2147483647;
			files = (
				6F1B0DAB1AEE8D6C00728155 /* RecorderTests.swift in Sources */,
			);
			runOnlyForDeploymentPostprocessing = 0;
		};
/* End PBXSourcesBuildPhase section */

/* Begin PBXTargetDependency section */
		6F1B0DA61AEE8D6C00728155 /* PBXTargetDependency */ = {
			isa = PBXTargetDependency;
			target = 6F1B0D8E1AEE8D6C00728155 /* Recorder */;
			targetProxy = 6F1B0DA51AEE8D6C00728155 /* PBXContainerItemProxy */;
		};
/* End PBXTargetDependency section */

/* Begin PBXVariantGroup section */
		6F1B0D981AEE8D6C00728155 /* Main.storyboard */ = {
			isa = PBXVariantGroup;
			children = (
				6F1B0D991AEE8D6C00728155 /* Base */,
			);
			name = Main.storyboard;
			sourceTree = "<group>";
		};
		6F1B0D9D1AEE8D6C00728155 /* LaunchScreen.xib */ = {
			isa = PBXVariantGroup;
			children = (
				6F1B0D9E1AEE8D6C00728155 /* Base */,
			);
			name = LaunchScreen.xib;
			sourceTree = "<group>";
		};
/* End PBXVariantGroup section */

/* Begin XCBuildConfiguration section */
		6F1B0DAC1AEE8D6C00728155 /* Debug */ = {
			isa = XCBuildConfiguration;
			buildSettings = {
				ALWAYS_SEARCH_USER_PATHS = NO;
				CLANG_CXX_LANGUAGE_STANDARD = "gnu++0x";
				CLANG_CXX_LIBRARY = "libc++";
				CLANG_ENABLE_MODULES = YES;
				CLANG_ENABLE_OBJC_ARC = YES;
				CLANG_WARN_BOOL_CONVERSION = YES;
				CLANG_WARN_CONSTANT_CONVERSION = YES;
				CLANG_WARN_DIRECT_OBJC_ISA_USAGE = YES_ERROR;
				CLANG_WARN_EMPTY_BODY = YES;
				CLANG_WARN_ENUM_CONVERSION = YES;
				CLANG_WARN_INT_CONVERSION = YES;
				CLANG_WARN_OBJC_ROOT_CLASS = YES_ERROR;
				CLANG_WARN_UNREACHABLE_CODE = YES;
				CLANG_WARN__DUPLICATE_METHOD_MATCH = YES;
				"CODE_SIGN_IDENTITY[sdk=iphoneos*]" = "iPhone Developer";
				COPY_PHASE_STRIP = NO;
				DEBUG_INFORMATION_FORMAT = "dwarf-with-dsym";
				ENABLE_STRICT_OBJC_MSGSEND = YES;
				GCC_C_LANGUAGE_STANDARD = gnu99;
				GCC_DYNAMIC_NO_PIC = NO;
				GCC_NO_COMMON_BLOCKS = YES;
				GCC_OPTIMIZATION_LEVEL = 0;
				GCC_PREPROCESSOR_DEFINITIONS = (
					"DEBUG=1",
					"$(inherited)",
				);
				GCC_SYMBOLS_PRIVATE_EXTERN = NO;
				GCC_WARN_64_TO_32_BIT_CONVERSION = YES;
				GCC_WARN_ABOUT_RETURN_TYPE = YES_ERROR;
				GCC_WARN_UNDECLARED_SELECTOR = YES;
				GCC_WARN_UNINITIALIZED_AUTOS = YES_AGGRESSIVE;
				GCC_WARN_UNUSED_FUNCTION = YES;
				GCC_WARN_UNUSED_VARIABLE = YES;
				IPHONEOS_DEPLOYMENT_TARGET = 8.3;
				MTL_ENABLE_DEBUG_INFO = YES;
				ONLY_ACTIVE_ARCH = YES;
				SDKROOT = iphoneos;
				SWIFT_OPTIMIZATION_LEVEL = "-Onone";
			};
			name = Debug;
		};
		6F1B0DAD1AEE8D6C00728155 /* Release */ = {
			isa = XCBuildConfiguration;
			buildSettings = {
				ALWAYS_SEARCH_USER_PATHS = NO;
				CLANG_CXX_LANGUAGE_STANDARD = "gnu++0x";
				CLANG_CXX_LIBRARY = "libc++";
				CLANG_ENABLE_MODULES = YES;
				CLANG_ENABLE_OBJC_ARC = YES;
				CLANG_WARN_BOOL_CONVERSION = YES;
				CLANG_WARN_CONSTANT_CONVERSION = YES;
				CLANG_WARN_DIRECT_OBJC_ISA_USAGE = YES_ERROR;
				CLANG_WARN_EMPTY_BODY = YES;
				CLANG_WARN_ENUM_CONVERSION = YES;
				CLANG_WARN_INT_CONVERSION = YES;
				CLANG_WARN_OBJC_ROOT_CLASS = YES_ERROR;
				CLANG_WARN_UNREACHABLE_CODE = YES;
				CLANG_WARN__DUPLICATE_METHOD_MATCH = YES;
				"CODE_SIGN_IDENTITY[sdk=iphoneos*]" = "iPhone Developer";
				COPY_PHASE_STRIP = NO;
				DEBUG_INFORMATION_FORMAT = "dwarf-with-dsym";
				ENABLE_NS_ASSERTIONS = NO;
				ENABLE_STRICT_OBJC_MSGSEND = YES;
				GCC_C_LANGUAGE_STANDARD = gnu99;
				GCC_NO_COMMON_BLOCKS = YES;
				GCC_WARN_64_TO_32_BIT_CONVERSION = YES;
				GCC_WARN_ABOUT_RETURN_TYPE = YES_ERROR;
				GCC_WARN_UNDECLARED_SELECTOR = YES;
				GCC_WARN_UNINITIALIZED_AUTOS = YES_AGGRESSIVE;
				GCC_WARN_UNUSED_FUNCTION = YES;
				GCC_WARN_UNUSED_VARIABLE = YES;
				IPHONEOS_DEPLOYMENT_TARGET = 8.3;
				MTL_ENABLE_DEBUG_INFO = NO;
				SDKROOT = iphoneos;
				VALIDATE_PRODUCT = YES;
			};
			name = Release;
		};
		6F1B0DAF1AEE8D6C00728155 /* Debug */ = {
			isa = XCBuildConfiguration;
			buildSettings = {
				ASSETCATALOG_COMPILER_APPICON_NAME = AppIcon;
				INFOPLIST_FILE = "Pitch Perfect/Info.plist";
				LD_RUNPATH_SEARCH_PATHS = "$(inherited) @executable_path/Frameworks";
				PRODUCT_NAME = Recorder;
			};
			name = Debug;
		};
		6F1B0DB01AEE8D6C00728155 /* Release */ = {
			isa = XCBuildConfiguration;
			buildSettings = {
				ASSETCATALOG_COMPILER_APPICON_NAME = AppIcon;
				INFOPLIST_FILE = "Pitch Perfect/Info.plist";
				LD_RUNPATH_SEARCH_PATHS = "$(inherited) @executable_path/Frameworks";
				PRODUCT_NAME = Recorder;
			};
			name = Release;
		};
		6F1B0DB21AEE8D6C00728155 /* Debug */ = {
			isa = XCBuildConfiguration;
			buildSettings = {
				BUNDLE_LOADER = "$(TEST_HOST)";
				FRAMEWORK_SEARCH_PATHS = (
					"$(SDKROOT)/Developer/Library/Frameworks",
					"$(inherited)",
				);
				GCC_PREPROCESSOR_DEFINITIONS = (
					"DEBUG=1",
					"$(inherited)",
				);
				INFOPLIST_FILE = "Pitch PerfectTests/Info.plist";
				LD_RUNPATH_SEARCH_PATHS = "$(inherited) @executable_path/Frameworks @loader_path/Frameworks";
				PRODUCT_NAME = RecorderTests;
				TEST_HOST = "$(BUILT_PRODUCTS_DIR)/Recorder.app/Recorder";
			};
			name = Debug;
		};
		6F1B0DB31AEE8D6C00728155 /* Release */ = {
			isa = XCBuildConfiguration;
			buildSettings = {
				BUNDLE_LOADER = "$(TEST_HOST)";
				FRAMEWORK_SEARCH_PATHS = (
					"$(SDKROOT)/Developer/Library/Frameworks",
					"$(inherited)",
				);
				INFOPLIST_FILE = "Pitch PerfectTests/Info.plist";
				LD_RUNPATH_SEARCH_PATHS = "$(inherited) @executable_path/Frameworks @loader_path/Frameworks";
				PRODUCT_NAME = RecorderTests;
				TEST_HOST = "$(BUILT_PRODUCTS_DIR)/Recorder.app/Recorder";
			};
			name = Release;
		};
/* End XCBuildConfiguration section */

/* Begin XCConfigurationList section */
		6F1B0D8A1AEE8D6C00728155 /* Build configuration list for PBXProject "Recorder" */ = {
			isa = XCConfigurationList;
			buildConfigurations = (
				6F1B0DAC1AEE8D6C00728155 /* Debug */,
				6F1B0DAD1AEE8D6C00728155 /* Release */,
			);
			defaultConfigurationIsVisible = 0;
			defaultConfigurationName = Release;
		};
		6F1B0DAE1AEE8D6C00728155 /* Build configuration list for PBXNativeTarget "Recorder" */ = {
			isa = XCConfigurationList;
			buildConfigurations = (
				6F1B0DAF1AEE8D6C00728155 /* Debug */,
				6F1B0DB01AEE8D6C00728155 /* Release */,
			);
			defaultConfigurationIsVisible = 0;
			defaultConfigurationName = Release;
		};
		6F1B0DB11AEE8D6C00728155 /* Build configuration list for PBXNativeTarget "RecorderTests" */ = {
			isa = XCConfigurationList;
			buildConfigurations = (
				6F1B0DB21AEE8D6C00728155 /* Debug */,
				6F1B0DB31AEE8D6C00728155 /* Release */,
			);
			defaultConfigurationIsVisible = 0;
			defaultConfigurationName = Release;
		};
/* End XCConfigurationList section */
	};
	rootObject = 6F1B0D871AEE8D6C00728155 /* Project object */;
}
